
Microsoft Visual Studio Solution File, Format Version 12.00
# Visual Studio Version 17
VisualStudioVersion = 17.7.34221.43
MinimumVisualStudioVersion = 10.0.40219.1
Project("{9A19103F-16F7-4668-BE54-9A1E7A4F7556}") = "AbyssCLI", "AbyssCLI.csproj", "{1B303B46-72BF-428E-9B6F-BDAD13758E14}"
EndProject
Global
	GlobalSection(SolutionConfigurationPlatforms) = preSolution
		Debug|Any CPU = Debug|Any CPU
		Release|Any CPU = Release|Any CPU
	EndGlobalSection
	GlobalSection(ProjectConfigurationPlatforms) = postSolution
		{1B303B46-72BF-428E-9B6F-BDAD13758E14}.Debug|Any CPU.ActiveCfg = Debug|Any CPU
		{1B303B46-72BF-428E-9B6F-BDAD13758E14}.Debug|Any CPU.Build.0 = Debug|Any CPU
		{1B303B46-72BF-428E-9B6F-BDAD13758E14}.Release|Any CPU.ActiveCfg = Release|Any CPU
		{1B303B46-72BF-428E-9B6F-BDAD13758E14}.Release|Any CPU.Build.0 = Release|Any CPU
	EndGlobalSection
	GlobalSection(SolutionProperties) = preSolution
		HideSolutionNode = FALSE
	EndGlobalSection
	GlobalSection(ExtensibilityGlobals) = postSolution
		SolutionGuid = {B5ED7F1D-76FC-4937-A349-251C3A76F77E}
	EndGlobalSection
EndGlobal
